
Microsoft Visual Studio Solution File, Format Version 12.00
# Visual Studio Version 16
VisualStudioVersion = 16.0.30804.86
MinimumVisualStudioVersion = 10.0.40219.1
Project("{9092AA53-FB77-4645-B42D-1CCCA6BD08BD}") = "testeJs(01)", "testeJs(01)\testeJs(01).njsproj", "{C43E5CE2-89AE-4F23-916C-184FB3567606}"
EndProject
Global
	GlobalSection(SolutionConfigurationPlatforms) = preSolution
		Debug|Any CPU = Debug|Any CPU
		Release|Any CPU = Release|Any CPU
	EndGlobalSection
	GlobalSection(ProjectConfigurationPlatforms) = postSolution
		{C43E5CE2-89AE-4F23-916C-184FB3567606}.Debug|Any CPU.ActiveCfg = Debug|Any CPU
		{C43E5CE2-89AE-4F23-916C-184FB3567606}.Debug|Any CPU.Build.0 = Debug|Any CPU
		{C43E5CE2-89AE-4F23-916C-184FB3567606}.Release|Any CPU.ActiveCfg = Release|Any CPU
		{C43E5CE2-89AE-4F23-916C-184FB3567606}.Release|Any CPU.Build.0 = Release|Any CPU
	EndGlobalSection
	GlobalSection(SolutionProperties) = preSolution
		HideSolutionNode = FALSE
	EndGlobalSection
	GlobalSection(ExtensibilityGlobals) = postSolution
		SolutionGuid = {6B70C3D4-5F57-4AA0-8852-F3A52B98CECA}
	EndGlobalSection
EndGlobal
