
Microsoft Visual Studio Solution File, Format Version 12.00
# Visual Studio Version 16
VisualStudioVersion = 16.0.30804.86
MinimumVisualStudioVersion = 10.0.40219.1
Project("{9092AA53-FB77-4645-B42D-1CCCA6BD08BD}") = "ProjetoIntegrador", "ProjetoIntegrador\ProjetoIntegrador.njsproj", "{BC9F5A1D-8FD1-4C70-AD93-1881E403980F}"
EndProject
Global
	GlobalSection(SolutionConfigurationPlatforms) = preSolution
		Debug|Any CPU = Debug|Any CPU
		Release|Any CPU = Release|Any CPU
	EndGlobalSection
	GlobalSection(ProjectConfigurationPlatforms) = postSolution
		{BC9F5A1D-8FD1-4C70-AD93-1881E403980F}.Debug|Any CPU.ActiveCfg = Debug|Any CPU
		{BC9F5A1D-8FD1-4C70-AD93-1881E403980F}.Debug|Any CPU.Build.0 = Debug|Any CPU
		{BC9F5A1D-8FD1-4C70-AD93-1881E403980F}.Release|Any CPU.ActiveCfg = Release|Any CPU
		{BC9F5A1D-8FD1-4C70-AD93-1881E403980F}.Release|Any CPU.Build.0 = Release|Any CPU
	EndGlobalSection
	GlobalSection(SolutionProperties) = preSolution
		HideSolutionNode = FALSE
	EndGlobalSection
	GlobalSection(ExtensibilityGlobals) = postSolution
		SolutionGuid = {248C9277-F47C-4DB6-9E56-0465D08AE6E2}
	EndGlobalSection
EndGlobal
