
Microsoft Visual Studio Solution File, Format Version 12.00
# Visual Studio Version 16
VisualStudioVersion = 16.0.30804.86
MinimumVisualStudioVersion = 10.0.40219.1
Project("{9092AA53-FB77-4645-B42D-1CCCA6BD08BD}") = "TesteNAV", "TesteNAV\TesteNAV.njsproj", "{15D19BE8-08EF-42A1-9182-4FD0514879D7}"
EndProject
Global
	GlobalSection(SolutionConfigurationPlatforms) = preSolution
		Debug|Any CPU = Debug|Any CPU
		Release|Any CPU = Release|Any CPU
	EndGlobalSection
	GlobalSection(ProjectConfigurationPlatforms) = postSolution
		{15D19BE8-08EF-42A1-9182-4FD0514879D7}.Debug|Any CPU.ActiveCfg = Debug|Any CPU
		{15D19BE8-08EF-42A1-9182-4FD0514879D7}.Debug|Any CPU.Build.0 = Debug|Any CPU
		{15D19BE8-08EF-42A1-9182-4FD0514879D7}.Release|Any CPU.ActiveCfg = Release|Any CPU
		{15D19BE8-08EF-42A1-9182-4FD0514879D7}.Release|Any CPU.Build.0 = Release|Any CPU
	EndGlobalSection
	GlobalSection(SolutionProperties) = preSolution
		HideSolutionNode = FALSE
	EndGlobalSection
	GlobalSection(ExtensibilityGlobals) = postSolution
		SolutionGuid = {1430A1D0-8369-45A1-A105-5CF76E6C474A}
	EndGlobalSection
EndGlobal
